
Microsoft Visual Studio Solution File, Format Version 12.00
# Visual Studio Version 16
VisualStudioVersion = 16.0.30011.22
MinimumVisualStudioVersion = 10.0.40219.1
Project("{FAE04EC0-301F-11D3-BF4B-00C04F79EFBC}") = "zadatak2", "zadatak2\zadatak2.csproj", "{AF403B15-B135-4756-8DE0-C3DD5793DCEA}"
EndProject
Global
	GlobalSection(SolutionConfigurationPlatforms) = preSolution
		Debug|Any CPU = Debug|Any CPU
		Release|Any CPU = Release|Any CPU
	EndGlobalSection
	GlobalSection(ProjectConfigurationPlatforms) = postSolution
		{AF403B15-B135-4756-8DE0-C3DD5793DCEA}.Debug|Any CPU.ActiveCfg = Debug|Any CPU
		{AF403B15-B135-4756-8DE0-C3DD5793DCEA}.Debug|Any CPU.Build.0 = Debug|Any CPU
		{AF403B15-B135-4756-8DE0-C3DD5793DCEA}.Release|Any CPU.ActiveCfg = Release|Any CPU
		{AF403B15-B135-4756-8DE0-C3DD5793DCEA}.Release|Any CPU.Build.0 = Release|Any CPU
	EndGlobalSection
	GlobalSection(SolutionProperties) = preSolution
		HideSolutionNode = FALSE
	EndGlobalSection
	GlobalSection(ExtensibilityGlobals) = postSolution
		SolutionGuid = {63409DEB-DBBB-4C01-BC6F-666388D2745D}
	EndGlobalSection
EndGlobal
